
Microsoft Visual Studio Solution File, Format Version 12.00
# Visual Studio Version 17
VisualStudioVersion = 17.7.34031.279
MinimumVisualStudioVersion = 10.0.40219.1
Project("{FAE04EC0-301F-11D3-BF4B-00C04F79EFBC}") = "BankWebAppDocker", "BankWebAppDocker\BankWebAppDocker.csproj", "{4B342D89-7095-4389-B251-B96D41843EBC}"
EndProject
Project("{E53339B2-1760-4266-BCC7-CA923CBCF16C}") = "docker-compose", "docker-compose.dcproj", "{4312185B-F267-4FCA-B6B1-0B0EA53E3D71}"
EndProject
Global
	GlobalSection(SolutionConfigurationPlatforms) = preSolution
		Debug|Any CPU = Debug|Any CPU
		Release|Any CPU = Release|Any CPU
	EndGlobalSection
	GlobalSection(ProjectConfigurationPlatforms) = postSolution
		{4B342D89-7095-4389-B251-B96D41843EBC}.Debug|Any CPU.ActiveCfg = Debug|Any CPU
		{4B342D89-7095-4389-B251-B96D41843EBC}.Debug|Any CPU.Build.0 = Debug|Any CPU
		{4B342D89-7095-4389-B251-B96D41843EBC}.Release|Any CPU.ActiveCfg = Release|Any CPU
		{4B342D89-7095-4389-B251-B96D41843EBC}.Release|Any CPU.Build.0 = Release|Any CPU
		{4312185B-F267-4FCA-B6B1-0B0EA53E3D71}.Debug|Any CPU.ActiveCfg = Debug|Any CPU
		{4312185B-F267-4FCA-B6B1-0B0EA53E3D71}.Debug|Any CPU.Build.0 = Debug|Any CPU
		{4312185B-F267-4FCA-B6B1-0B0EA53E3D71}.Release|Any CPU.ActiveCfg = Release|Any CPU
		{4312185B-F267-4FCA-B6B1-0B0EA53E3D71}.Release|Any CPU.Build.0 = Release|Any CPU
	EndGlobalSection
	GlobalSection(SolutionProperties) = preSolution
		HideSolutionNode = FALSE
	EndGlobalSection
	GlobalSection(ExtensibilityGlobals) = postSolution
		SolutionGuid = {C5D8E3EB-2074-4548-AF53-754A1317BC43}
	EndGlobalSection
EndGlobal
